// !$*UTF8*$!
{
	archiveVersion = 1;
	classes = {
	};
	objectVersion = 50;
	objects = {

/* Begin PBXBuildFile section */
		FD0FAED1262F649B00AC97C2 /* CornerRotateModifier.swift in Sources */ = {isa = PBXBuildFile; fileRef = FD0FAED0262F649B00AC97C2 /* CornerRotateModifier.swift */; };
		FDA4D0C0257411D6004242F7 /* ColorTutorial.swift in Sources */ = {isa = PBXBuildFile; fileRef = FDA4D0BF257411D6004242F7 /* ColorTutorial.swift */; };
		FDA4D0C3257413CD004242F7 /* GradientsView.swift in Sources */ = {isa = PBXBuildFile; fileRef = FDA4D0C2257413CD004242F7 /* GradientsView.swift */; };
		FDA4D0C625741561004242F7 /* ButtonsAndImages.swift in Sources */ = {isa = PBXBuildFile; fileRef = FDA4D0C525741561004242F7 /* ButtonsAndImages.swift */; };
		FDA4D0C9257417BB004242F7 /* Alert.swift in Sources */ = {isa = PBXBuildFile; fileRef = FDA4D0C8257417BB004242F7 /* Alert.swift */; };
		FDA4D0CC257424D5004242F7 /* GuessTheFlag.swift in Sources */ = {isa = PBXBuildFile; fileRef = FDA4D0CB257424D5004242F7 /* GuessTheFlag.swift */; };
		FDD7A84725698A6800AFFA89 /* GuessTheFlagApp.swift in Sources */ = {isa = PBXBuildFile; fileRef = FDD7A84625698A6800AFFA89 /* GuessTheFlagApp.swift */; };
		FDD7A84925698A6800AFFA89 /* StacksView.swift in Sources */ = {isa = PBXBuildFile; fileRef = FDD7A84825698A6800AFFA89 /* StacksView.swift */; };
		FDD7A84B25698A6E00AFFA89 /* Assets.xcassets in Resources */ = {isa = PBXBuildFile; fileRef = FDD7A84A25698A6E00AFFA89 /* Assets.xcassets */; };
		FDD7A84E25698A6E00AFFA89 /* Preview Assets.xcassets in Resources */ = {isa = PBXBuildFile; fileRef = FDD7A84D25698A6E00AFFA89 /* Preview Assets.xcassets */; };
		FDD7A85825699A5D00AFFA89 /* ColorsView.swift in Sources */ = {isa = PBXBuildFile; fileRef = FDD7A85725699A5D00AFFA89 /* ColorsView.swift */; };
		FDD7A85B2569BAD000AFFA89 /* NavBarStackView.swift in Sources */ = {isa = PBXBuildFile; fileRef = FDD7A85A2569BAD000AFFA89 /* NavBarStackView.swift */; };
/* End PBXBuildFile section */

/* Begin PBXFileReference section */
		FD0FAED0262F649B00AC97C2 /* CornerRotateModifier.swift */ = {isa = PBXFileReference; lastKnownFileType = sourcecode.swift; path = CornerRotateModifier.swift; sourceTree = "<group>"; };
		FDA4D0BF257411D6004242F7 /* ColorTutorial.swift */ = {isa = PBXFileReference; lastKnownFileType = sourcecode.swift; path = ColorTutorial.swift; sourceTree = "<group>"; };
		FDA4D0C2257413CD004242F7 /* GradientsView.swift */ = {isa = PBXFileReference; lastKnownFileType = sourcecode.swift; path = GradientsView.swift; sourceTree = "<group>"; };
		FDA4D0C525741561004242F7 /* ButtonsAndImages.swift */ = {isa = PBXFileReference; lastKnownFileType = sourcecode.swift; path = ButtonsAndImages.swift; sourceTree = "<group>"; };
		FDA4D0C8257417BB004242F7 /* Alert.swift */ = {isa = PBXFileReference; lastKnownFileType = sourcecode.swift; path = Alert.swift; sourceTree = "<group>"; };
		FDA4D0CB257424D5004242F7 /* GuessTheFlag.swift */ = {isa = PBXFileReference; lastKnownFileType = sourcecode.swift; path = GuessTheFlag.swift; sourceTree = "<group>"; };
		FDD7A84325698A6800AFFA89 /* GuessTheFlag.app */ = {isa = PBXFileReference; explicitFileType = wrapper.application; includeInIndex = 0; path = GuessTheFlag.app; sourceTree = BUILT_PRODUCTS_DIR; };
		FDD7A84625698A6800AFFA89 /* GuessTheFlagApp.swift */ = {isa = PBXFileReference; lastKnownFileType = sourcecode.swift; path = GuessTheFlagApp.swift; sourceTree = "<group>"; };
		FDD7A84825698A6800AFFA89 /* StacksView.swift */ = {isa = PBXFileReference; lastKnownFileType = sourcecode.swift; path = StacksView.swift; sourceTree = "<group>"; };
		FDD7A84A25698A6E00AFFA89 /* Assets.xcassets */ = {isa = PBXFileReference; lastKnownFileType = folder.assetcatalog; path = Assets.xcassets; sourceTree = "<group>"; };
		FDD7A84D25698A6E00AFFA89 /* Preview Assets.xcassets */ = {isa = PBXFileReference; lastKnownFileType = folder.assetcatalog; path = "Preview Assets.xcassets"; sourceTree = "<group>"; };
		FDD7A84F25698A6E00AFFA89 /* Info.plist */ = {isa = PBXFileReference; lastKnownFileType = text.plist.xml; path = Info.plist; sourceTree = "<group>"; };
		FDD7A85725699A5D00AFFA89 /* ColorsView.swift */ = {isa = PBXFileReference; lastKnownFileType = sourcecode.swift; path = ColorsView.swift; sourceTree = "<group>"; };
		FDD7A85A2569BAD000AFFA89 /* NavBarStackView.swift */ = {isa = PBXFileReference; lastKnownFileType = sourcecode.swift; path = NavBarStackView.swift; sourceTree = "<group>"; };
/* End PBXFileReference section */

/* Begin PBXFrameworksBuildPhase section */
		FDD7A84025698A6800AFFA89 /* Frameworks */ = {
			isa = PBXFrameworksBuildPhase;
			buildActionMask = 2147483647;
			files = (
			);
			runOnlyForDeploymentPostprocessing = 0;
		};
/* End PBXFrameworksBuildPhase section */

/* Begin PBXGroup section */
		FDD7A83A25698A6800AFFA89 = {
			isa = PBXGroup;
			children = (
				FDD7A84525698A6800AFFA89 /* GuessTheFlag */,
				FDD7A84425698A6800AFFA89 /* Products */,
			);
			sourceTree = "<group>";
		};
		FDD7A84425698A6800AFFA89 /* Products */ = {
			isa = PBXGroup;
			children = (
				FDD7A84325698A6800AFFA89 /* GuessTheFlag.app */,
			);
			name = Products;
			sourceTree = "<group>";
		};
		FDD7A84525698A6800AFFA89 /* GuessTheFlag */ = {
			isa = PBXGroup;
			children = (
				FDD7A84625698A6800AFFA89 /* GuessTheFlagApp.swift */,
				FDD7A84825698A6800AFFA89 /* StacksView.swift */,
				FDD7A85725699A5D00AFFA89 /* ColorsView.swift */,
				FDD7A85A2569BAD000AFFA89 /* NavBarStackView.swift */,
				FDA4D0BF257411D6004242F7 /* ColorTutorial.swift */,
				FDA4D0C2257413CD004242F7 /* GradientsView.swift */,
				FDA4D0C525741561004242F7 /* ButtonsAndImages.swift */,
				FDA4D0C8257417BB004242F7 /* Alert.swift */,
				FDA4D0CB257424D5004242F7 /* GuessTheFlag.swift */,
				FD0FAED0262F649B00AC97C2 /* CornerRotateModifier.swift */,
				FDD7A84A25698A6E00AFFA89 /* Assets.xcassets */,
				FDD7A84F25698A6E00AFFA89 /* Info.plist */,
				FDD7A84C25698A6E00AFFA89 /* Preview Content */,
			);
			path = GuessTheFlag;
			sourceTree = "<group>";
		};
		FDD7A84C25698A6E00AFFA89 /* Preview Content */ = {
			isa = PBXGroup;
			children = (
				FDD7A84D25698A6E00AFFA89 /* Preview Assets.xcassets */,
			);
			path = "Preview Content";
			sourceTree = "<group>";
		};
/* End PBXGroup section */

/* Begin PBXNativeTarget section */
		FDD7A84225698A6800AFFA89 /* GuessTheFlag */ = {
			isa = PBXNativeTarget;
			buildConfigurationList = FDD7A85225698A6E00AFFA89 /* Build configuration list for PBXNativeTarget "GuessTheFlag" */;
			buildPhases = (
				FDD7A83F25698A6800AFFA89 /* Sources */,
				FDD7A84025698A6800AFFA89 /* Frameworks */,
				FDD7A84125698A6800AFFA89 /* Resources */,
			);
			buildRules = (
			);
			dependencies = (
			);
			name = GuessTheFlag;
			productName = GuessTheFlag;
			productReference = FDD7A84325698A6800AFFA89 /* GuessTheFlag.app */;
			productType = "com.apple.product-type.application";
		};
/* End PBXNativeTarget section */

/* Begin PBXProject section */
		FDD7A83B25698A6800AFFA89 /* Project object */ = {
			isa = PBXProject;
			attributes = {
				LastSwiftUpdateCheck = 1220;
				LastUpgradeCheck = 1220;
				TargetAttributes = {
					FDD7A84225698A6800AFFA89 = {
						CreatedOnToolsVersion = 12.2;
					};
				};
			};
			buildConfigurationList = FDD7A83E25698A6800AFFA89 /* Build configuration list for PBXProject "GuessTheFlag" */;
			compatibilityVersion = "Xcode 9.3";
			developmentRegion = en;
			hasScannedForEncodings = 0;
			knownRegions = (
				en,
				Base,
			);
			mainGroup = FDD7A83A25698A6800AFFA89;
			productRefGroup = FDD7A84425698A6800AFFA89 /* Products */;
			projectDirPath = "";
			projectRoot = "";
			targets = (
				FDD7A84225698A6800AFFA89 /* GuessTheFlag */,
			);
		};
/* End PBXProject section */

/* Begin PBXResourcesBuildPhase section */
		FDD7A84125698A6800AFFA89 /* Resources */ = {
			isa = PBXResourcesBuildPhase;
			buildActionMask = 2147483647;
			files = (
				FDD7A84E25698A6E00AFFA89 /* Preview Assets.xcassets in Resources */,
				FDD7A84B25698A6E00AFFA89 /* Assets.xcassets in Resources */,
			);
			runOnlyForDeploymentPostprocessing = 0;
		};
/* End PBXResourcesBuildPhase section */

/* Begin PBXSourcesBuildPhase section */
		FDD7A83F25698A6800AFFA89 /* Sources */ = {
			isa = PBXSourcesBuildPhase;
			buildActionMask = 2147483647;
			files = (
				FDD7A85825699A5D00AFFA89 /* ColorsView.swift in Sources */,
				FDD7A84925698A6800AFFA89 /* StacksView.swift in Sources */,
				FDD7A84725698A6800AFFA89 /* GuessTheFlagApp.swift in Sources */,
				FDA4D0C625741561004242F7 /* ButtonsAndImages.swift in Sources */,
				FD0FAED1262F649B00AC97C2 /* CornerRotateModifier.swift in Sources */,
				FDD7A85B2569BAD000AFFA89 /* NavBarStackView.swift in Sources */,
				FDA4D0C3257413CD004242F7 /* GradientsView.swift in Sources */,
				FDA4D0C9257417BB004242F7 /* Alert.swift in Sources */,
				FDA4D0C0257411D6004242F7 /* ColorTutorial.swift in Sources */,
				FDA4D0CC257424D5004242F7 /* GuessTheFlag.swift in Sources */,
			);
			runOnlyForDeploymentPostprocessing = 0;
		};
/* End PBXSourcesBuildPhase section */

/* Begin XCBuildConfiguration section */
		FDD7A85025698A6E00AFFA89 /* Debug */ = {
			isa = XCBuildConfiguration;
			buildSettings = {
				ALWAYS_SEARCH_USER_PATHS = NO;
				CLANG_ANALYZER_NONNULL = YES;
				CLANG_ANALYZER_NUMBER_OBJECT_CONVERSION = YES_AGGRESSIVE;
				CLANG_CXX_LANGUAGE_STANDARD = "gnu++14";
				CLANG_CXX_LIBRARY = "libc++";
				CLANG_ENABLE_MODULES = YES;
				CLANG_ENABLE_OBJC_ARC = YES;
				CLANG_ENABLE_OBJC_WEAK = YES;
				CLANG_WARN_BLOCK_CAPTURE_AUTORELEASING = YES;
				CLANG_WARN_BOOL_CONVERSION = YES;
				CLANG_WARN_COMMA = YES;
				CLANG_WARN_CONSTANT_CONVERSION = YES;
				CLANG_WARN_DEPRECATED_OBJC_IMPLEMENTATIONS = YES;
				CLANG_WARN_DIRECT_OBJC_ISA_USAGE = YES_ERROR;
				CLANG_WARN_DOCUMENTATION_COMMENTS = YES;
				CLANG_WARN_EMPTY_BODY = YES;
				CLANG_WARN_ENUM_CONVERSION = YES;
				CLANG_WARN_INFINITE_RECURSION = YES;
				CLANG_WARN_INT_CONVERSION = YES;
				CLANG_WARN_NON_LITERAL_NULL_CONVERSION = YES;
				CLANG_WARN_OBJC_IMPLICIT_RETAIN_SELF = YES;
				CLANG_WARN_OBJC_LITERAL_CONVERSION = YES;
				CLANG_WARN_OBJC_ROOT_CLASS = YES_ERROR;
				CLANG_WARN_QUOTED_INCLUDE_IN_FRAMEWORK_HEADER = YES;
				CLANG_WARN_RANGE_LOOP_ANALYSIS = YES;
				CLANG_WARN_STRICT_PROTOTYPES = YES;
				CLANG_WARN_SUSPICIOUS_MOVE = YES;
				CLANG_WARN_UNGUARDED_AVAILABILITY = YES_AGGRESSIVE;
				CLANG_WARN_UNREACHABLE_CODE = YES;
				CLANG_WARN__DUPLICATE_METHOD_MATCH = YES;
				COPY_PHASE_STRIP = NO;
				DEBUG_INFORMATION_FORMAT = dwarf;
				ENABLE_STRICT_OBJC_MSGSEND = YES;
				ENABLE_TESTABILITY = YES;
				GCC_C_LANGUAGE_STANDARD = gnu11;
				GCC_DYNAMIC_NO_PIC = NO;
				GCC_NO_COMMON_BLOCKS = YES;
				GCC_OPTIMIZATION_LEVEL = 0;
				GCC_PREPROCESSOR_DEFINITIONS = (
					"DEBUG=1",
					"$(inherited)",
				);
				GCC_WARN_64_TO_32_BIT_CONVERSION = YES;
				GCC_WARN_ABOUT_RETURN_TYPE = YES_ERROR;
				GCC_WARN_UNDECLARED_SELECTOR = YES;
				GCC_WARN_UNINITIALIZED_AUTOS = YES_AGGRESSIVE;
				GCC_WARN_UNUSED_FUNCTION = YES;
				GCC_WARN_UNUSED_VARIABLE = YES;
				IPHONEOS_DEPLOYMENT_TARGET = 14.2;
				MTL_ENABLE_DEBUG_INFO = INCLUDE_SOURCE;
				MTL_FAST_MATH = YES;
				ONLY_ACTIVE_ARCH = YES;
				SDKROOT = iphoneos;
				SWIFT_ACTIVE_COMPILATION_CONDITIONS = DEBUG;
				SWIFT_OPTIMIZATION_LEVEL = "-Onone";
			};
			name = Debug;
		};
		FDD7A85125698A6E00AFFA89 /* Release */ = {
			isa = XCBuildConfiguration;
			buildSettings = {
				ALWAYS_SEARCH_USER_PATHS = NO;
				CLANG_ANALYZER_NONNULL = YES;
				CLANG_ANALYZER_NUMBER_OBJECT_CONVERSION = YES_AGGRESSIVE;
				CLANG_CXX_LANGUAGE_STANDARD = "gnu++14";
				CLANG_CXX_LIBRARY = "libc++";
				CLANG_ENABLE_MODULES = YES;
				CLANG_ENABLE_OBJC_ARC = YES;
				CLANG_ENABLE_OBJC_WEAK = YES;
				CLANG_WARN_BLOCK_CAPTURE_AUTORELEASING = YES;
				CLANG_WARN_BOOL_CONVERSION = YES;
				CLANG_WARN_COMMA = YES;
				CLANG_WARN_CONSTANT_CONVERSION = YES;
				CLANG_WARN_DEPRECATED_OBJC_IMPLEMENTATIONS = YES;
				CLANG_WARN_DIRECT_OBJC_ISA_USAGE = YES_ERROR;
				CLANG_WARN_DOCUMENTATION_COMMENTS = YES;
				CLANG_WARN_EMPTY_BODY = YES;
				CLANG_WARN_ENUM_CONVERSION = YES;
				CLANG_WARN_INFINITE_RECURSION = YES;
				CLANG_WARN_INT_CONVERSION = YES;
				CLANG_WARN_NON_LITERAL_NULL_CONVERSION = YES;
				CLANG_WARN_OBJC_IMPLICIT_RETAIN_SELF = YES;
				CLANG_WARN_OBJC_LITERAL_CONVERSION = YES;
				CLANG_WARN_OBJC_ROOT_CLASS = YES_ERROR;
				CLANG_WARN_QUOTED_INCLUDE_IN_FRAMEWORK_HEADER = YES;
				CLANG_WARN_RANGE_LOOP_ANALYSIS = YES;
				CLANG_WARN_STRICT_PROTOTYPES = YES;
				CLANG_WARN_SUSPICIOUS_MOVE = YES;
				CLANG_WARN_UNGUARDED_AVAILABILITY = YES_AGGRESSIVE;
				CLANG_WARN_UNREACHABLE_CODE = YES;
				CLANG_WARN__DUPLICATE_METHOD_MATCH = YES;
				COPY_PHASE_STRIP = NO;
				DEBUG_INFORMATION_FORMAT = "dwarf-with-dsym";
				ENABLE_NS_ASSERTIONS = NO;
				ENABLE_STRICT_OBJC_MSGSEND = YES;
				GCC_C_LANGUAGE_STANDARD = gnu11;
				GCC_NO_COMMON_BLOCKS = YES;
				GCC_WARN_64_TO_32_BIT_CONVERSION = YES;
				GCC_WARN_ABOUT_RETURN_TYPE = YES_ERROR;
				GCC_WARN_UNDECLARED_SELECTOR = YES;
				GCC_WARN_UNINITIALIZED_AUTOS = YES_AGGRESSIVE;
				GCC_WARN_UNUSED_FUNCTION = YES;
				GCC_WARN_UNUSED_VARIABLE = YES;
				IPHONEOS_DEPLOYMENT_TARGET = 14.2;
				MTL_ENABLE_DEBUG_INFO = NO;
				MTL_FAST_MATH = YES;
				SDKROOT = iphoneos;
				SWIFT_COMPILATION_MODE = wholemodule;
				SWIFT_OPTIMIZATION_LEVEL = "-O";
				VALIDATE_PRODUCT = YES;
			};
			name = Release;
		};
		FDD7A85325698A6E00AFFA89 /* Debug */ = {
			isa = XCBuildConfiguration;
			buildSettings = {
				ASSETCATALOG_COMPILER_APPICON_NAME = AppIcon;
				ASSETCATALOG_COMPILER_GLOBAL_ACCENT_COLOR_NAME = AccentColor;
				CODE_SIGN_STYLE = Automatic;
				DEVELOPMENT_ASSET_PATHS = "\"GuessTheFlag/Preview Content\"";
				DEVELOPMENT_TEAM = C3BX32XR8J;
				ENABLE_PREVIEWS = YES;
				INFOPLIST_FILE = GuessTheFlag/Info.plist;
				IPHONEOS_DEPLOYMENT_TARGET = 14.0;
				LD_RUNPATH_SEARCH_PATHS = (
					"$(inherited)",
					"@executable_path/Frameworks",
				);
				PRODUCT_BUNDLE_IDENTIFIER = com.kasprasolutions.GuessTheFlag;
				PRODUCT_NAME = "$(TARGET_NAME)";
				SWIFT_VERSION = 5.0;
				TARGETED_DEVICE_FAMILY = "1,2";
			};
			name = Debug;
		};
		FDD7A85425698A6E00AFFA89 /* Release */ = {
			isa = XCBuildConfiguration;
			buildSettings = {
				ASSETCATALOG_COMPILER_APPICON_NAME = AppIcon;
				ASSETCATALOG_COMPILER_GLOBAL_ACCENT_COLOR_NAME = AccentColor;
				CODE_SIGN_STYLE = Automatic;
				DEVELOPMENT_ASSET_PATHS = "\"GuessTheFlag/Preview Content\"";
				DEVELOPMENT_TEAM = C3BX32XR8J;
				ENABLE_PREVIEWS = YES;
				INFOPLIST_FILE = GuessTheFlag/Info.plist;
				IPHONEOS_DEPLOYMENT_TARGET = 14.0;
				LD_RUNPATH_SEARCH_PATHS = (
					"$(inherited)",
					"@executable_path/Frameworks",
				);
				PRODUCT_BUNDLE_IDENTIFIER = com.kasprasolutions.GuessTheFlag;
				PRODUCT_NAME = "$(TARGET_NAME)";
				SWIFT_VERSION = 5.0;
				TARGETED_DEVICE_FAMILY = "1,2";
			};
			name = Release;
		};
/* End XCBuildConfiguration section */

/* Begin XCConfigurationList section */
		FDD7A83E25698A6800AFFA89 /* Build configuration list for PBXProject "GuessTheFlag" */ = {
			isa = XCConfigurationList;
			buildConfigurations = (
				FDD7A85025698A6E00AFFA89 /* Debug */,
				FDD7A85125698A6E00AFFA89 /* Release */,
			);
			defaultConfigurationIsVisible = 0;
			defaultConfigurationName = Release;
		};
		FDD7A85225698A6E00AFFA89 /* Build configuration list for PBXNativeTarget "GuessTheFlag" */ = {
			isa = XCConfigurationList;
			buildConfigurations = (
				FDD7A85325698A6E00AFFA89 /* Debug */,
				FDD7A85425698A6E00AFFA89 /* Release */,
			);
			defaultConfigurationIsVisible = 0;
			defaultConfigurationName = Release;
		};
/* End XCConfigurationList section */
	};
	rootObject = FDD7A83B25698A6800AFFA89 /* Project object */;
}
